// !$*UTF8*$!
{
	archiveVersion = 1;
	classes = {
	};
	objectVersion = 50;
	objects = {

/* Begin PBXBuildFile section */
		9C3BF941451AB583397E2C00 /* libPods-TheMovies.a in Frameworks */ = {isa = PBXBuildFile; fileRef = 994957B4FBB27A4BE44000ED /* libPods-TheMovies.a */; };
		FD17C94124AF26630000D19B /* Colors.swift in Sources */ = {isa = PBXBuildFile; fileRef = FD17C94024AF26630000D19B /* Colors.swift */; };
		FD17C94324AF2A3C0000D19B /* MovieCategoryViewController.swift in Sources */ = {isa = PBXBuildFile; fileRef = FD17C94224AF2A3C0000D19B /* MovieCategoryViewController.swift */; };
		FD24685124ADDFA00021833B /* API.swift in Sources */ = {isa = PBXBuildFile; fileRef = FD24685024ADDFA00021833B /* API.swift */; };
		FD24685324ADE0730021833B /* NetworkService.swift in Sources */ = {isa = PBXBuildFile; fileRef = FD24685224ADE0730021833B /* NetworkService.swift */; };
		FD24685524ADE1140021833B /* Endpoint.swift in Sources */ = {isa = PBXBuildFile; fileRef = FD24685424ADE1140021833B /* Endpoint.swift */; };
		FD24685D24ADF91A0021833B /* LoadingView.swift in Sources */ = {isa = PBXBuildFile; fileRef = FD24685C24ADF91A0021833B /* LoadingView.swift */; };
		FD24685F24ADF9220021833B /* LoadingView.xib in Resources */ = {isa = PBXBuildFile; fileRef = FD24685E24ADF9220021833B /* LoadingView.xib */; };
		FD24686124ADF9780021833B /* Ext+UIView.swift in Sources */ = {isa = PBXBuildFile; fileRef = FD24686024ADF9780021833B /* Ext+UIView.swift */; };
		FD4604A824AE129800AB7260 /* LoadMoreReusableView.swift in Sources */ = {isa = PBXBuildFile; fileRef = FD4604A624AE129800AB7260 /* LoadMoreReusableView.swift */; };
		FD4604A924AE129800AB7260 /* LoadMoreReusableView.xib in Resources */ = {isa = PBXBuildFile; fileRef = FD4604A724AE129800AB7260 /* LoadMoreReusableView.xib */; };
		FD4604AC24AE28A600AB7260 /* ToastView.swift in Sources */ = {isa = PBXBuildFile; fileRef = FD4604AB24AE28A600AB7260 /* ToastView.swift */; };
		FD4604AE24AE28AE00AB7260 /* ToastView.xib in Resources */ = {isa = PBXBuildFile; fileRef = FD4604AD24AE28AE00AB7260 /* ToastView.xib */; };
		FD4604B024AE29A500AB7260 /* Toast.swift in Sources */ = {isa = PBXBuildFile; fileRef = FD4604AF24AE29A500AB7260 /* Toast.swift */; };
		FD4604B224AE29C500AB7260 /* Ext+UIViewController.swift in Sources */ = {isa = PBXBuildFile; fileRef = FD4604B124AE29C500AB7260 /* Ext+UIViewController.swift */; };
		FD4604B424AE29EE00AB7260 /* Ext+UIApplication.swift in Sources */ = {isa = PBXBuildFile; fileRef = FD4604B324AE29EE00AB7260 /* Ext+UIApplication.swift */; };
		FD77673424B2064A00EDC311 /* NoMoviesTableViewCell.swift in Sources */ = {isa = PBXBuildFile; fileRef = FD77673224B2064A00EDC311 /* NoMoviesTableViewCell.swift */; };
		FD77673524B2064A00EDC311 /* NoMoviesTableViewCell.xib in Resources */ = {isa = PBXBuildFile; fileRef = FD77673324B2064A00EDC311 /* NoMoviesTableViewCell.xib */; };
		FD93C1F324AECAC60052957E /* MovieDetailConfiguration.swift in Sources */ = {isa = PBXBuildFile; fileRef = FD93C1EB24AECAC60052957E /* MovieDetailConfiguration.swift */; };
		FD93C1F424AECAC60052957E /* MovieDetailPresenter.swift in Sources */ = {isa = PBXBuildFile; fileRef = FD93C1EC24AECAC60052957E /* MovieDetailPresenter.swift */; };
		FD93C1F524AECAC60052957E /* MovieDetailRouter.swift in Sources */ = {isa = PBXBuildFile; fileRef = FD93C1ED24AECAC60052957E /* MovieDetailRouter.swift */; };
		FD93C1F624AECAC60052957E /* MovieDetailViewController.swift in Sources */ = {isa = PBXBuildFile; fileRef = FD93C1EE24AECAC60052957E /* MovieDetailViewController.swift */; };
		FD93C1F724AECAC60052957E /* MovieDetailInteractor.swift in Sources */ = {isa = PBXBuildFile; fileRef = FD93C1EF24AECAC60052957E /* MovieDetailInteractor.swift */; };
		FD93C1F824AECAC60052957E /* MovieDetailModel.swift in Sources */ = {isa = PBXBuildFile; fileRef = FD93C1F024AECAC60052957E /* MovieDetailModel.swift */; };
		FD93C1F924AECAC60052957E /* MovieDetailViewController.xib in Resources */ = {isa = PBXBuildFile; fileRef = FD93C1F124AECAC60052957E /* MovieDetailViewController.xib */; };
		FD93C1FA24AECAC60052957E /* MovieDetailManager.swift in Sources */ = {isa = PBXBuildFile; fileRef = FD93C1F224AECAC60052957E /* MovieDetailManager.swift */; };
		FD93C1FD24AECBB80052957E /* AppRoute.swift in Sources */ = {isa = PBXBuildFile; fileRef = FD93C1FC24AECBB80052957E /* AppRoute.swift */; };
		FD93C1FF24AECBD60052957E /* GeneralRoute.swift in Sources */ = {isa = PBXBuildFile; fileRef = FD93C1FE24AECBD60052957E /* GeneralRoute.swift */; };
		FDA0ADB024AE32AB00531BA4 /* PopularMoviesConfiguration.swift in Sources */ = {isa = PBXBuildFile; fileRef = FDA0ADA824AE32AB00531BA4 /* PopularMoviesConfiguration.swift */; };
		FDA0ADB124AE32AB00531BA4 /* PopularMoviesPresenter.swift in Sources */ = {isa = PBXBuildFile; fileRef = FDA0ADA924AE32AB00531BA4 /* PopularMoviesPresenter.swift */; };
		FDA0ADB224AE32AB00531BA4 /* PopularMoviesRouter.swift in Sources */ = {isa = PBXBuildFile; fileRef = FDA0ADAA24AE32AB00531BA4 /* PopularMoviesRouter.swift */; };
		FDA0ADB324AE32AB00531BA4 /* PopularMoviesViewController.swift in Sources */ = {isa = PBXBuildFile; fileRef = FDA0ADAB24AE32AB00531BA4 /* PopularMoviesViewController.swift */; };
		FDA0ADB424AE32AB00531BA4 /* PopularMoviesInteractor.swift in Sources */ = {isa = PBXBuildFile; fileRef = FDA0ADAC24AE32AB00531BA4 /* PopularMoviesInteractor.swift */; };
		FDA0ADB524AE32AB00531BA4 /* PopularMoviesModel.swift in Sources */ = {isa = PBXBuildFile; fileRef = FDA0ADAD24AE32AB00531BA4 /* PopularMoviesModel.swift */; };
		FDA0ADB624AE32AB00531BA4 /* PopularMoviesViewController.xib in Resources */ = {isa = PBXBuildFile; fileRef = FDA0ADAE24AE32AB00531BA4 /* PopularMoviesViewController.xib */; };
		FDA0ADB724AE32AB00531BA4 /* PopularMoviesManager.swift in Sources */ = {isa = PBXBuildFile; fileRef = FDA0ADAF24AE32AB00531BA4 /* PopularMoviesManager.swift */; };
		FDA0ADC224AE339000531BA4 /* PlayingMoviesConfiguration.swift in Sources */ = {isa = PBXBuildFile; fileRef = FDA0ADBA24AE339000531BA4 /* PlayingMoviesConfiguration.swift */; };
		FDA0ADC324AE339000531BA4 /* PlayingMoviesPresenter.swift in Sources */ = {isa = PBXBuildFile; fileRef = FDA0ADBB24AE339000531BA4 /* PlayingMoviesPresenter.swift */; };
		FDA0ADC424AE339000531BA4 /* PlayingMoviesRouter.swift in Sources */ = {isa = PBXBuildFile; fileRef = FDA0ADBC24AE339000531BA4 /* PlayingMoviesRouter.swift */; };
		FDA0ADC524AE339000531BA4 /* PlayingMoviesViewController.swift in Sources */ = {isa = PBXBuildFile; fileRef = FDA0ADBD24AE339000531BA4 /* PlayingMoviesViewController.swift */; };
		FDA0ADC624AE339000531BA4 /* PlayingMoviesInteractor.swift in Sources */ = {isa = PBXBuildFile; fileRef = FDA0ADBE24AE339000531BA4 /* PlayingMoviesInteractor.swift */; };
		FDA0ADC724AE339000531BA4 /* PlayingMoviesModel.swift in Sources */ = {isa = PBXBuildFile; fileRef = FDA0ADBF24AE339000531BA4 /* PlayingMoviesModel.swift */; };
		FDA0ADC824AE339000531BA4 /* PlayingMoviesViewController.xib in Resources */ = {isa = PBXBuildFile; fileRef = FDA0ADC024AE339000531BA4 /* PlayingMoviesViewController.xib */; };
		FDA0ADC924AE339000531BA4 /* PlayingMoviesManager.swift in Sources */ = {isa = PBXBuildFile; fileRef = FDA0ADC124AE339000531BA4 /* PlayingMoviesManager.swift */; };
		FDA0ADD224AE33A500531BA4 /* UpcomingMoviesConfiguration.swift in Sources */ = {isa = PBXBuildFile; fileRef = FDA0ADCA24AE33A500531BA4 /* UpcomingMoviesConfiguration.swift */; };
		FDA0ADD324AE33A500531BA4 /* UpcomingMoviesPresenter.swift in Sources */ = {isa = PBXBuildFile; fileRef = FDA0ADCB24AE33A500531BA4 /* UpcomingMoviesPresenter.swift */; };
		FDA0ADD424AE33A500531BA4 /* UpcomingMoviesRouter.swift in Sources */ = {isa = PBXBuildFile; fileRef = FDA0ADCC24AE33A500531BA4 /* UpcomingMoviesRouter.swift */; };
		FDA0ADD524AE33A500531BA4 /* UpcomingMoviesViewController.swift in Sources */ = {isa = PBXBuildFile; fileRef = FDA0ADCD24AE33A500531BA4 /* UpcomingMoviesViewController.swift */; };
		FDA0ADD624AE33A500531BA4 /* UpcomingMoviesInteractor.swift in Sources */ = {isa = PBXBuildFile; fileRef = FDA0ADCE24AE33A500531BA4 /* UpcomingMoviesInteractor.swift */; };
		FDA0ADD724AE33A500531BA4 /* UpcomingMoviesModel.swift in Sources */ = {isa = PBXBuildFile; fileRef = FDA0ADCF24AE33A500531BA4 /* UpcomingMoviesModel.swift */; };
		FDA0ADD824AE33A500531BA4 /* UpcomingMoviesViewController.xib in Resources */ = {isa = PBXBuildFile; fileRef = FDA0ADD024AE33A500531BA4 /* UpcomingMoviesViewController.xib */; };
		FDA0ADD924AE33A500531BA4 /* UpcomingMoviesManager.swift in Sources */ = {isa = PBXBuildFile; fileRef = FDA0ADD124AE33A500531BA4 /* UpcomingMoviesManager.swift */; };
		FDA0ADE224AE33C100531BA4 /* TopRatedMoviesConfiguration.swift in Sources */ = {isa = PBXBuildFile; fileRef = FDA0ADDA24AE33C100531BA4 /* TopRatedMoviesConfiguration.swift */; };
		FDA0ADE324AE33C100531BA4 /* TopRatedMoviesPresenter.swift in Sources */ = {isa = PBXBuildFile; fileRef = FDA0ADDB24AE33C100531BA4 /* TopRatedMoviesPresenter.swift */; };
		FDA0ADE424AE33C100531BA4 /* TopRatedMoviesRouter.swift in Sources */ = {isa = PBXBuildFile; fileRef = FDA0ADDC24AE33C100531BA4 /* TopRatedMoviesRouter.swift */; };
		FDA0ADE524AE33C100531BA4 /* TopRatedMoviesViewController.swift in Sources */ = {isa = PBXBuildFile; fileRef = FDA0ADDD24AE33C100531BA4 /* TopRatedMoviesViewController.swift */; };
		FDA0ADE624AE33C100531BA4 /* TopRatedMoviesInteractor.swift in Sources */ = {isa = PBXBuildFile; fileRef = FDA0ADDE24AE33C100531BA4 /* TopRatedMoviesInteractor.swift */; };
		FDA0ADE724AE33C100531BA4 /* TopRatedMoviesModel.swift in Sources */ = {isa = PBXBuildFile; fileRef = FDA0ADDF24AE33C100531BA4 /* TopRatedMoviesModel.swift */; };
		FDA0ADE824AE33C100531BA4 /* TopRatedMoviesViewController.xib in Resources */ = {isa = PBXBuildFile; fileRef = FDA0ADE024AE33C100531BA4 /* TopRatedMoviesViewController.xib */; };
		FDA0ADE924AE33C100531BA4 /* TopRatedMoviesManager.swift in Sources */ = {isa = PBXBuildFile; fileRef = FDA0ADE124AE33C100531BA4 /* TopRatedMoviesManager.swift */; };
		FDAABFFB24AED9B600377DF2 /* DiscoverCollectionViewCell.swift in Sources */ = {isa = PBXBuildFile; fileRef = FDAABFF924AED9B600377DF2 /* DiscoverCollectionViewCell.swift */; };
		FDAABFFC24AED9B600377DF2 /* DiscoverCollectionViewCell.xib in Resources */ = {isa = PBXBuildFile; fileRef = FDAABFFA24AED9B600377DF2 /* DiscoverCollectionViewCell.xib */; };
		FDAABFFE24AEDDDA00377DF2 /* HomeModel.swift in Sources */ = {isa = PBXBuildFile; fileRef = FDAABFFD24AEDDDA00377DF2 /* HomeModel.swift */; };
		FDAAC00524AEE04C00377DF2 /* GenresCache.swift in Sources */ = {isa = PBXBuildFile; fileRef = FDAAC00424AEE04C00377DF2 /* GenresCache.swift */; };
		FDAAC00F24AEE18E00377DF2 /* GenresConfiguration.swift in Sources */ = {isa = PBXBuildFile; fileRef = FDAAC00724AEE18E00377DF2 /* GenresConfiguration.swift */; };
		FDAAC01024AEE18E00377DF2 /* GenresPresenter.swift in Sources */ = {isa = PBXBuildFile; fileRef = FDAAC00824AEE18E00377DF2 /* GenresPresenter.swift */; };
		FDAAC01124AEE18E00377DF2 /* GenresRouter.swift in Sources */ = {isa = PBXBuildFile; fileRef = FDAAC00924AEE18E00377DF2 /* GenresRouter.swift */; };
		FDAAC01224AEE18E00377DF2 /* GenresViewController.swift in Sources */ = {isa = PBXBuildFile; fileRef = FDAAC00A24AEE18E00377DF2 /* GenresViewController.swift */; };
		FDAAC01324AEE18E00377DF2 /* GenresInteractor.swift in Sources */ = {isa = PBXBuildFile; fileRef = FDAAC00B24AEE18E00377DF2 /* GenresInteractor.swift */; };
		FDAAC01424AEE18E00377DF2 /* GenresModel.swift in Sources */ = {isa = PBXBuildFile; fileRef = FDAAC00C24AEE18E00377DF2 /* GenresModel.swift */; };
		FDAAC01524AEE18E00377DF2 /* GenresViewController.xib in Resources */ = {isa = PBXBuildFile; fileRef = FDAAC00D24AEE18E00377DF2 /* GenresViewController.xib */; };
		FDAAC01624AEE18E00377DF2 /* GenresManager.swift in Sources */ = {isa = PBXBuildFile; fileRef = FDAAC00E24AEE18E00377DF2 /* GenresManager.swift */; };
		FDAAC01924AEE4DE00377DF2 /* GenresTableViewCell.swift in Sources */ = {isa = PBXBuildFile; fileRef = FDAAC01724AEE4DE00377DF2 /* GenresTableViewCell.swift */; };
		FDAAC01A24AEE4DE00377DF2 /* GenresTableViewCell.xib in Resources */ = {isa = PBXBuildFile; fileRef = FDAAC01824AEE4DE00377DF2 /* GenresTableViewCell.xib */; };
		FDAAC02024AEFC1700377DF2 /* MoviesCollectionViewController.swift in Sources */ = {isa = PBXBuildFile; fileRef = FDAAC01F24AEFC1700377DF2 /* MoviesCollectionViewController.swift */; };
		FDB465C424B1CD02002C3D6E /* PeopleCollectionViewCell.swift in Sources */ = {isa = PBXBuildFile; fileRef = FDB465C224B1CD02002C3D6E /* PeopleCollectionViewCell.swift */; };
		FDB465C524B1CD02002C3D6E /* PeopleCollectionViewCell.xib in Resources */ = {isa = PBXBuildFile; fileRef = FDB465C324B1CD02002C3D6E /* PeopleCollectionViewCell.xib */; };
		FDF10C0524ADB4360048A30B /* AppDelegate.swift in Sources */ = {isa = PBXBuildFile; fileRef = FDF10C0424ADB4360048A30B /* AppDelegate.swift */; };
		FDF10C0924ADB4360048A30B /* ViewController.swift in Sources */ = {isa = PBXBuildFile; fileRef = FDF10C0824ADB4360048A30B /* ViewController.swift */; };
		FDF10C0C24ADB4360048A30B /* Main.storyboard in Resources */ = {isa = PBXBuildFile; fileRef = FDF10C0A24ADB4360048A30B /* Main.storyboard */; };
		FDF10C0E24ADB43B0048A30B /* Assets.xcassets in Resources */ = {isa = PBXBuildFile; fileRef = FDF10C0D24ADB43B0048A30B /* Assets.xcassets */; };
		FDF10C1124ADB43B0048A30B /* LaunchScreen.storyboard in Resources */ = {isa = PBXBuildFile; fileRef = FDF10C0F24ADB43B0048A30B /* LaunchScreen.storyboard */; };
		FDF10C2724ADB69E0048A30B /* MainConfiguration.swift in Sources */ = {isa = PBXBuildFile; fileRef = FDF10C1F24ADB69E0048A30B /* MainConfiguration.swift */; };
		FDF10C2824ADB69E0048A30B /* MainPresenter.swift in Sources */ = {isa = PBXBuildFile; fileRef = FDF10C2024ADB69E0048A30B /* MainPresenter.swift */; };
		FDF10C2924ADB69E0048A30B /* MainRouter.swift in Sources */ = {isa = PBXBuildFile; fileRef = FDF10C2124ADB69E0048A30B /* MainRouter.swift */; };
		FDF10C2A24ADB69E0048A30B /* MainViewController.swift in Sources */ = {isa = PBXBuildFile; fileRef = FDF10C2224ADB69E0048A30B /* MainViewController.swift */; };
		FDF10C2B24ADB69E0048A30B /* MainInteractor.swift in Sources */ = {isa = PBXBuildFile; fileRef = FDF10C2324ADB69E0048A30B /* MainInteractor.swift */; };
		FDF10C2C24ADB69E0048A30B /* MainModel.swift in Sources */ = {isa = PBXBuildFile; fileRef = FDF10C2424ADB69E0048A30B /* MainModel.swift */; };
		FDF10C2D24ADB69E0048A30B /* MainViewController.xib in Resources */ = {isa = PBXBuildFile; fileRef = FDF10C2524ADB69E0048A30B /* MainViewController.xib */; };
		FDF10C2E24ADB69E0048A30B /* MainManager.swift in Sources */ = {isa = PBXBuildFile; fileRef = FDF10C2624ADB69E0048A30B /* MainManager.swift */; };
		FDF10C3724ADB6C20048A30B /* HomeConfiguration.swift in Sources */ = {isa = PBXBuildFile; fileRef = FDF10C2F24ADB6C20048A30B /* HomeConfiguration.swift */; };
		FDF10C3824ADB6C20048A30B /* HomePresenter.swift in Sources */ = {isa = PBXBuildFile; fileRef = FDF10C3024ADB6C20048A30B /* HomePresenter.swift */; };
		FDF10C3924ADB6C20048A30B /* HomeRouter.swift in Sources */ = {isa = PBXBuildFile; fileRef = FDF10C3124ADB6C20048A30B /* HomeRouter.swift */; };
		FDF10C3A24ADB6C20048A30B /* HomeViewController.swift in Sources */ = {isa = PBXBuildFile; fileRef = FDF10C3224ADB6C20048A30B /* HomeViewController.swift */; };
		FDF10C3B24ADB6C20048A30B /* HomeInteractor.swift in Sources */ = {isa = PBXBuildFile; fileRef = FDF10C3324ADB6C20048A30B /* HomeInteractor.swift */; };
		FDF10C3D24ADB6C20048A30B /* HomeViewController.xib in Resources */ = {isa = PBXBuildFile; fileRef = FDF10C3524ADB6C20048A30B /* HomeViewController.xib */; };
		FDF10C3E24ADB6C20048A30B /* HomeManager.swift in Sources */ = {isa = PBXBuildFile; fileRef = FDF10C3624ADB6C20048A30B /* HomeManager.swift */; };
		FDF10C4724ADB6E40048A30B /* DiscoverConfiguration.swift in Sources */ = {isa = PBXBuildFile; fileRef = FDF10C3F24ADB6E40048A30B /* DiscoverConfiguration.swift */; };
		FDF10C4824ADB6E40048A30B /* DiscoverPresenter.swift in Sources */ = {isa = PBXBuildFile; fileRef = FDF10C4024ADB6E40048A30B /* DiscoverPresenter.swift */; };
		FDF10C4924ADB6E40048A30B /* DiscoverRouter.swift in Sources */ = {isa = PBXBuildFile; fileRef = FDF10C4124ADB6E40048A30B /* DiscoverRouter.swift */; };
		FDF10C4A24ADB6E40048A30B /* DiscoverViewController.swift in Sources */ = {isa = PBXBuildFile; fileRef = FDF10C4224ADB6E40048A30B /* DiscoverViewController.swift */; };
		FDF10C4B24ADB6E40048A30B /* DiscoverInteractor.swift in Sources */ = {isa = PBXBuildFile; fileRef = FDF10C4324ADB6E40048A30B /* DiscoverInteractor.swift */; };
		FDF10C4C24ADB6E40048A30B /* DiscoverModel.swift in Sources */ = {isa = PBXBuildFile; fileRef = FDF10C4424ADB6E40048A30B /* DiscoverModel.swift */; };
		FDF10C4D24ADB6E40048A30B /* DiscoverViewController.xib in Resources */ = {isa = PBXBuildFile; fileRef = FDF10C4524ADB6E40048A30B /* DiscoverViewController.xib */; };
		FDF10C4E24ADB6E40048A30B /* DiscoverManager.swift in Sources */ = {isa = PBXBuildFile; fileRef = FDF10C4624ADB6E40048A30B /* DiscoverManager.swift */; };
		FDF10C5824ADBE290048A30B /* MovieCategory.swift in Sources */ = {isa = PBXBuildFile; fileRef = FDF10C5724ADBE290048A30B /* MovieCategory.swift */; };
		FDF10C5A24ADBEC00048A30B /* Ext+UITableView.swift in Sources */ = {isa = PBXBuildFile; fileRef = FDF10C5924ADBEC00048A30B /* Ext+UITableView.swift */; };
		FDF10C5C24ADBED80048A30B /* Ext+UICollectionView.swift in Sources */ = {isa = PBXBuildFile; fileRef = FDF10C5B24ADBED80048A30B /* Ext+UICollectionView.swift */; };
		FDF10C6324ADC7420048A30B /* MoviesCollectionViewCell.swift in Sources */ = {isa = PBXBuildFile; fileRef = FDF10C6124ADC7420048A30B /* MoviesCollectionViewCell.swift */; };
		FDF10C6424ADC7420048A30B /* MoviesCollectionViewCell.xib in Resources */ = {isa = PBXBuildFile; fileRef = FDF10C6224ADC7420048A30B /* MoviesCollectionViewCell.xib */; };
		FDF9148B24B182E9008911D2 /* MovieDetailInfoTableViewCell.swift in Sources */ = {isa = PBXBuildFile; fileRef = FDF9148924B182E9008911D2 /* MovieDetailInfoTableViewCell.swift */; };
		FDF9148C24B182E9008911D2 /* MovieDetailInfoTableViewCell.xib in Resources */ = {isa = PBXBuildFile; fileRef = FDF9148A24B182E9008911D2 /* MovieDetailInfoTableViewCell.xib */; };
		FDF9149024B18329008911D2 /* MovieDetailSimilarTableViewCell.swift in Sources */ = {isa = PBXBuildFile; fileRef = FDF9148E24B18329008911D2 /* MovieDetailSimilarTableViewCell.swift */; };
		FDF9149124B18329008911D2 /* MovieDetailSimilarTableViewCell.xib in Resources */ = {isa = PBXBuildFile; fileRef = FDF9148F24B18329008911D2 /* MovieDetailSimilarTableViewCell.xib */; };
		FDF9149424B1A42E008911D2 /* Helper.swift in Sources */ = {isa = PBXBuildFile; fileRef = FDF9149324B1A42E008911D2 /* Helper.swift */; };
		FDF9149624B1B704008911D2 /* Ext+UIFont.swift in Sources */ = {isa = PBXBuildFile; fileRef = FDF9149524B1B704008911D2 /* Ext+UIFont.swift */; };
		FDF9149824B1BBC5008911D2 /* Ext+UIImageView.swift in Sources */ = {isa = PBXBuildFile; fileRef = FDF9149724B1BBC5008911D2 /* Ext+UIImageView.swift */; };
/* End PBXBuildFile section */

/* Begin PBXFileReference section */
		40CBBCE2B7B1692F46FA655D /* Pods-TheMovies.release.xcconfig */ = {isa = PBXFileReference; includeInIndex = 1; lastKnownFileType = text.xcconfig; name = "Pods-TheMovies.release.xcconfig"; path = "Target Support Files/Pods-TheMovies/Pods-TheMovies.release.xcconfig"; sourceTree = "<group>"; };
		994957B4FBB27A4BE44000ED /* libPods-TheMovies.a */ = {isa = PBXFileReference; explicitFileType = archive.ar; includeInIndex = 0; path = "libPods-TheMovies.a"; sourceTree = BUILT_PRODUCTS_DIR; };
		B08F41A2DDFE1F7711F04559 /* Pods-TheMovies.debug.xcconfig */ = {isa = PBXFileReference; includeInIndex = 1; lastKnownFileType = text.xcconfig; name = "Pods-TheMovies.debug.xcconfig"; path = "Target Support Files/Pods-TheMovies/Pods-TheMovies.debug.xcconfig"; sourceTree = "<group>"; };
		FD17C94024AF26630000D19B /* Colors.swift */ = {isa = PBXFileReference; lastKnownFileType = sourcecode.swift; path = Colors.swift; sourceTree = "<group>"; };
		FD17C94224AF2A3C0000D19B /* MovieCategoryViewController.swift */ = {isa = PBXFileReference; lastKnownFileType = sourcecode.swift; path = MovieCategoryViewController.swift; sourceTree = "<group>"; };
		FD24685024ADDFA00021833B /* API.swift */ = {isa = PBXFileReference; lastKnownFileType = sourcecode.swift; path = API.swift; sourceTree = "<group>"; };
		FD24685224ADE0730021833B /* NetworkService.swift */ = {isa = PBXFileReference; lastKnownFileType = sourcecode.swift; path = NetworkService.swift; sourceTree = "<group>"; };
		FD24685424ADE1140021833B /* Endpoint.swift */ = {isa = PBXFileReference; lastKnownFileType = sourcecode.swift; path = Endpoint.swift; sourceTree = "<group>"; };
		FD24685C24ADF91A0021833B /* LoadingView.swift */ = {isa = PBXFileReference; lastKnownFileType = sourcecode.swift; path = LoadingView.swift; sourceTree = "<group>"; };
		FD24685E24ADF9220021833B /* LoadingView.xib */ = {isa = PBXFileReference; lastKnownFileType = file.xib; path = LoadingView.xib; sourceTree = "<group>"; };
		FD24686024ADF9780021833B /* Ext+UIView.swift */ = {isa = PBXFileReference; lastKnownFileType = sourcecode.swift; path = "Ext+UIView.swift"; sourceTree = "<group>"; };
		FD4604A624AE129800AB7260 /* LoadMoreReusableView.swift */ = {isa = PBXFileReference; lastKnownFileType = sourcecode.swift; path = LoadMoreReusableView.swift; sourceTree = "<group>"; };
		FD4604A724AE129800AB7260 /* LoadMoreReusableView.xib */ = {isa = PBXFileReference; lastKnownFileType = file.xib; path = LoadMoreReusableView.xib; sourceTree = "<group>"; };
		FD4604AB24AE28A600AB7260 /* ToastView.swift */ = {isa = PBXFileReference; lastKnownFileType = sourcecode.swift; path = ToastView.swift; sourceTree = "<group>"; };
		FD4604AD24AE28AE00AB7260 /* ToastView.xib */ = {isa = PBXFileReference; lastKnownFileType = file.xib; path = ToastView.xib; sourceTree = "<group>"; };
		FD4604AF24AE29A500AB7260 /* Toast.swift */ = {isa = PBXFileReference; lastKnownFileType = sourcecode.swift; path = Toast.swift; sourceTree = "<group>"; };
		FD4604B124AE29C500AB7260 /* Ext+UIViewController.swift */ = {isa = PBXFileReference; lastKnownFileType = sourcecode.swift; path = "Ext+UIViewController.swift"; sourceTree = "<group>"; };
		FD4604B324AE29EE00AB7260 /* Ext+UIApplication.swift */ = {isa = PBXFileReference; lastKnownFileType = sourcecode.swift; path = "Ext+UIApplication.swift"; sourceTree = "<group>"; };
		FD77673224B2064A00EDC311 /* NoMoviesTableViewCell.swift */ = {isa = PBXFileReference; lastKnownFileType = sourcecode.swift; path = NoMoviesTableViewCell.swift; sourceTree = "<group>"; };
		FD77673324B2064A00EDC311 /* NoMoviesTableViewCell.xib */ = {isa = PBXFileReference; lastKnownFileType = file.xib; path = NoMoviesTableViewCell.xib; sourceTree = "<group>"; };
		FD93C1EB24AECAC60052957E /* MovieDetailConfiguration.swift */ = {isa = PBXFileReference; lastKnownFileType = sourcecode.swift; path = MovieDetailConfiguration.swift; sourceTree = "<group>"; };
		FD93C1EC24AECAC60052957E /* MovieDetailPresenter.swift */ = {isa = PBXFileReference; lastKnownFileType = sourcecode.swift; path = MovieDetailPresenter.swift; sourceTree = "<group>"; };
		FD93C1ED24AECAC60052957E /* MovieDetailRouter.swift */ = {isa = PBXFileReference; lastKnownFileType = sourcecode.swift; path = MovieDetailRouter.swift; sourceTree = "<group>"; };
		FD93C1EE24AECAC60052957E /* MovieDetailViewController.swift */ = {isa = PBXFileReference; lastKnownFileType = sourcecode.swift; path = MovieDetailViewController.swift; sourceTree = "<group>"; };
		FD93C1EF24AECAC60052957E /* MovieDetailInteractor.swift */ = {isa = PBXFileReference; lastKnownFileType = sourcecode.swift; path = MovieDetailInteractor.swift; sourceTree = "<group>"; };
		FD93C1F024AECAC60052957E /* MovieDetailModel.swift */ = {isa = PBXFileReference; lastKnownFileType = sourcecode.swift; path = MovieDetailModel.swift; sourceTree = "<group>"; };
		FD93C1F124AECAC60052957E /* MovieDetailViewController.xib */ = {isa = PBXFileReference; lastKnownFileType = file.xib; path = MovieDetailViewController.xib; sourceTree = "<group>"; };
		FD93C1F224AECAC60052957E /* MovieDetailManager.swift */ = {isa = PBXFileReference; lastKnownFileType = sourcecode.swift; path = MovieDetailManager.swift; sourceTree = "<group>"; };
		FD93C1FC24AECBB80052957E /* AppRoute.swift */ = {isa = PBXFileReference; lastKnownFileType = sourcecode.swift; path = AppRoute.swift; sourceTree = "<group>"; };
		FD93C1FE24AECBD60052957E /* GeneralRoute.swift */ = {isa = PBXFileReference; lastKnownFileType = sourcecode.swift; path = GeneralRoute.swift; sourceTree = "<group>"; };
		FDA0ADA824AE32AB00531BA4 /* PopularMoviesConfiguration.swift */ = {isa = PBXFileReference; lastKnownFileType = sourcecode.swift; path = PopularMoviesConfiguration.swift; sourceTree = "<group>"; };
		FDA0ADA924AE32AB00531BA4 /* PopularMoviesPresenter.swift */ = {isa = PBXFileReference; lastKnownFileType = sourcecode.swift; path = PopularMoviesPresenter.swift; sourceTree = "<group>"; };
		FDA0ADAA24AE32AB00531BA4 /* PopularMoviesRouter.swift */ = {isa = PBXFileReference; lastKnownFileType = sourcecode.swift; path = PopularMoviesRouter.swift; sourceTree = "<group>"; };
		FDA0ADAB24AE32AB00531BA4 /* PopularMoviesViewController.swift */ = {isa = PBXFileReference; lastKnownFileType = sourcecode.swift; path = PopularMoviesViewController.swift; sourceTree = "<group>"; };
		FDA0ADAC24AE32AB00531BA4 /* PopularMoviesInteractor.swift */ = {isa = PBXFileReference; lastKnownFileType = sourcecode.swift; path = PopularMoviesInteractor.swift; sourceTree = "<group>"; };
		FDA0ADAD24AE32AB00531BA4 /* PopularMoviesModel.swift */ = {isa = PBXFileReference; lastKnownFileType = sourcecode.swift; path = PopularMoviesModel.swift; sourceTree = "<group>"; };
		FDA0ADAE24AE32AB00531BA4 /* PopularMoviesViewController.xib */ = {isa = PBXFileReference; lastKnownFileType = file.xib; path = PopularMoviesViewController.xib; sourceTree = "<group>"; };
		FDA0ADAF24AE32AB00531BA4 /* PopularMoviesManager.swift */ = {isa = PBXFileReference; lastKnownFileType = sourcecode.swift; path = PopularMoviesManager.swift; sourceTree = "<group>"; };
		FDA0ADBA24AE339000531BA4 /* PlayingMoviesConfiguration.swift */ = {isa = PBXFileReference; lastKnownFileType = sourcecode.swift; path = PlayingMoviesConfiguration.swift; sourceTree = "<group>"; };
		FDA0ADBB24AE339000531BA4 /* PlayingMoviesPresenter.swift */ = {isa = PBXFileReference; lastKnownFileType = sourcecode.swift; path = PlayingMoviesPresenter.swift; sourceTree = "<group>"; };
		FDA0ADBC24AE339000531BA4 /* PlayingMoviesRouter.swift */ = {isa = PBXFileReference; lastKnownFileType = sourcecode.swift; path = PlayingMoviesRouter.swift; sourceTree = "<group>"; };
		FDA0ADBD24AE339000531BA4 /* PlayingMoviesViewController.swift */ = {isa = PBXFileReference; lastKnownFileType = sourcecode.swift; path = PlayingMoviesViewController.swift; sourceTree = "<group>"; };
		FDA0ADBE24AE339000531BA4 /* PlayingMoviesInteractor.swift */ = {isa = PBXFileReference; lastKnownFileType = sourcecode.swift; path = PlayingMoviesInteractor.swift; sourceTree = "<group>"; };
		FDA0ADBF24AE339000531BA4 /* PlayingMoviesModel.swift */ = {isa = PBXFileReference; lastKnownFileType = sourcecode.swift; path = PlayingMoviesModel.swift; sourceTree = "<group>"; };
		FDA0ADC024AE339000531BA4 /* PlayingMoviesViewController.xib */ = {isa = PBXFileReference; lastKnownFileType = file.xib; path = PlayingMoviesViewController.xib; sourceTree = "<group>"; };
		FDA0ADC124AE339000531BA4 /* PlayingMoviesManager.swift */ = {isa = PBXFileReference; lastKnownFileType = sourcecode.swift; path = PlayingMoviesManager.swift; sourceTree = "<group>"; };
		FDA0ADCA24AE33A500531BA4 /* UpcomingMoviesConfiguration.swift */ = {isa = PBXFileReference; lastKnownFileType = sourcecode.swift; path = UpcomingMoviesConfiguration.swift; sourceTree = "<group>"; };
		FDA0ADCB24AE33A500531BA4 /* UpcomingMoviesPresenter.swift */ = {isa = PBXFileReference; lastKnownFileType = sourcecode.swift; path = UpcomingMoviesPresenter.swift; sourceTree = "<group>"; };
		FDA0ADCC24AE33A500531BA4 /* UpcomingMoviesRouter.swift */ = {isa = PBXFileReference; lastKnownFileType = sourcecode.swift; path = UpcomingMoviesRouter.swift; sourceTree = "<group>"; };
		FDA0ADCD24AE33A500531BA4 /* UpcomingMoviesViewController.swift */ = {isa = PBXFileReference; lastKnownFileType = sourcecode.swift; path = UpcomingMoviesViewController.swift; sourceTree = "<group>"; };
		FDA0ADCE24AE33A500531BA4 /* UpcomingMoviesInteractor.swift */ = {isa = PBXFileReference; lastKnownFileType = sourcecode.swift; path = UpcomingMoviesInteractor.swift; sourceTree = "<group>"; };
		FDA0ADCF24AE33A500531BA4 /* UpcomingMoviesModel.swift */ = {isa = PBXFileReference; lastKnownFileType = sourcecode.swift; path = UpcomingMoviesModel.swift; sourceTree = "<group>"; };
		FDA0ADD024AE33A500531BA4 /* UpcomingMoviesViewController.xib */ = {isa = PBXFileReference; lastKnownFileType = file.xib; path = UpcomingMoviesViewController.xib; sourceTree = "<group>"; };
		FDA0ADD124AE33A500531BA4 /* UpcomingMoviesManager.swift */ = {isa = PBXFileReference; lastKnownFileType = sourcecode.swift; path = UpcomingMoviesManager.swift; sourceTree = "<group>"; };
		FDA0ADDA24AE33C100531BA4 /* TopRatedMoviesConfiguration.swift */ = {isa = PBXFileReference; lastKnownFileType = sourcecode.swift; path = TopRatedMoviesConfiguration.swift; sourceTree = "<group>"; };
		FDA0ADDB24AE33C100531BA4 /* TopRatedMoviesPresenter.swift */ = {isa = PBXFileReference; lastKnownFileType = sourcecode.swift; path = TopRatedMoviesPresenter.swift; sourceTree = "<group>"; };
		FDA0ADDC24AE33C100531BA4 /* TopRatedMoviesRouter.swift */ = {isa = PBXFileReference; lastKnownFileType = sourcecode.swift; path = TopRatedMoviesRouter.swift; sourceTree = "<group>"; };
		FDA0ADDD24AE33C100531BA4 /* TopRatedMoviesViewController.swift */ = {isa = PBXFileReference; lastKnownFileType = sourcecode.swift; path = TopRatedMoviesViewController.swift; sourceTree = "<group>"; };
		FDA0ADDE24AE33C100531BA4 /* TopRatedMoviesInteractor.swift */ = {isa = PBXFileReference; lastKnownFileType = sourcecode.swift; path = TopRatedMoviesInteractor.swift; sourceTree = "<group>"; };
		FDA0ADDF24AE33C100531BA4 /* TopRatedMoviesModel.swift */ = {isa = PBXFileReference; lastKnownFileType = sourcecode.swift; path = TopRatedMoviesModel.swift; sourceTree = "<group>"; };
		FDA0ADE024AE33C100531BA4 /* TopRatedMoviesViewController.xib */ = {isa = PBXFileReference; lastKnownFileType = file.xib; path = TopRatedMoviesViewController.xib; sourceTree = "<group>"; };
		FDA0ADE124AE33C100531BA4 /* TopRatedMoviesManager.swift */ = {isa = PBXFileReference; lastKnownFileType = sourcecode.swift; path = TopRatedMoviesManager.swift; sourceTree = "<group>"; };
		FDAABFF924AED9B600377DF2 /* DiscoverCollectionViewCell.swift */ = {isa = PBXFileReference; lastKnownFileType = sourcecode.swift; path = DiscoverCollectionViewCell.swift; sourceTree = "<group>"; };
		FDAABFFA24AED9B600377DF2 /* DiscoverCollectionViewCell.xib */ = {isa = PBXFileReference; lastKnownFileType = file.xib; path = DiscoverCollectionViewCell.xib; sourceTree = "<group>"; };
		FDAABFFD24AEDDDA00377DF2 /* HomeModel.swift */ = {isa = PBXFileReference; lastKnownFileType = sourcecode.swift; path = HomeModel.swift; sourceTree = "<group>"; };
		FDAAC00424AEE04C00377DF2 /* GenresCache.swift */ = {isa = PBXFileReference; lastKnownFileType = sourcecode.swift; path = GenresCache.swift; sourceTree = "<group>"; };
		FDAAC00724AEE18E00377DF2 /* GenresConfiguration.swift */ = {isa = PBXFileReference; lastKnownFileType = sourcecode.swift; path = GenresConfiguration.swift; sourceTree = "<group>"; };
		FDAAC00824AEE18E00377DF2 /* GenresPresenter.swift */ = {isa = PBXFileReference; lastKnownFileType = sourcecode.swift; path = GenresPresenter.swift; sourceTree = "<group>"; };
		FDAAC00924AEE18E00377DF2 /* GenresRouter.swift */ = {isa = PBXFileReference; lastKnownFileType = sourcecode.swift; path = GenresRouter.swift; sourceTree = "<group>"; };
		FDAAC00A24AEE18E00377DF2 /* GenresViewController.swift */ = {isa = PBXFileReference; lastKnownFileType = sourcecode.swift; path = GenresViewController.swift; sourceTree = "<group>"; };
		FDAAC00B24AEE18E00377DF2 /* GenresInteractor.swift */ = {isa = PBXFileReference; lastKnownFileType = sourcecode.swift; path = GenresInteractor.swift; sourceTree = "<group>"; };
		FDAAC00C24AEE18E00377DF2 /* GenresModel.swift */ = {isa = PBXFileReference; lastKnownFileType = sourcecode.swift; path = GenresModel.swift; sourceTree = "<group>"; };
		FDAAC00D24AEE18E00377DF2 /* GenresViewController.xib */ = {isa = PBXFileReference; lastKnownFileType = file.xib; path = GenresViewController.xib; sourceTree = "<group>"; };
		FDAAC00E24AEE18E00377DF2 /* GenresManager.swift */ = {isa = PBXFileReference; lastKnownFileType = sourcecode.swift; path = GenresManager.swift; sourceTree = "<group>"; };
		FDAAC01724AEE4DE00377DF2 /* GenresTableViewCell.swift */ = {isa = PBXFileReference; lastKnownFileType = sourcecode.swift; path = GenresTableViewCell.swift; sourceTree = "<group>"; };
		FDAAC01824AEE4DE00377DF2 /* GenresTableViewCell.xib */ = {isa = PBXFileReference; lastKnownFileType = file.xib; path = GenresTableViewCell.xib; sourceTree = "<group>"; };
		FDAAC01F24AEFC1700377DF2 /* MoviesCollectionViewController.swift */ = {isa = PBXFileReference; lastKnownFileType = sourcecode.swift; path = MoviesCollectionViewController.swift; sourceTree = "<group>"; };
		FDB465C224B1CD02002C3D6E /* PeopleCollectionViewCell.swift */ = {isa = PBXFileReference; lastKnownFileType = sourcecode.swift; path = PeopleCollectionViewCell.swift; sourceTree = "<group>"; };
		FDB465C324B1CD02002C3D6E /* PeopleCollectionViewCell.xib */ = {isa = PBXFileReference; lastKnownFileType = file.xib; path = PeopleCollectionViewCell.xib; sourceTree = "<group>"; };
		FDF10C0124ADB4360048A30B /* TheMovies.app */ = {isa = PBXFileReference; explicitFileType = wrapper.application; includeInIndex = 0; path = TheMovies.app; sourceTree = BUILT_PRODUCTS_DIR; };
		FDF10C0424ADB4360048A30B /* AppDelegate.swift */ = {isa = PBXFileReference; lastKnownFileType = sourcecode.swift; path = AppDelegate.swift; sourceTree = "<group>"; };
		FDF10C0824ADB4360048A30B /* ViewController.swift */ = {isa = PBXFileReference; lastKnownFileType = sourcecode.swift; path = ViewController.swift; sourceTree = "<group>"; };
		FDF10C0B24ADB4360048A30B /* Base */ = {isa = PBXFileReference; lastKnownFileType = file.storyboard; name = Base; path = Base.lproj/Main.storyboard; sourceTree = "<group>"; };
		FDF10C0D24ADB43B0048A30B /* Assets.xcassets */ = {isa = PBXFileReference; lastKnownFileType = folder.assetcatalog; path = Assets.xcassets; sourceTree = "<group>"; };
		FDF10C1024ADB43B0048A30B /* Base */ = {isa = PBXFileReference; lastKnownFileType = file.storyboard; name = Base; path = Base.lproj/LaunchScreen.storyboard; sourceTree = "<group>"; };
		FDF10C1224ADB43B0048A30B /* Info.plist */ = {isa = PBXFileReference; lastKnownFileType = text.plist.xml; path = Info.plist; sourceTree = "<group>"; };
		FDF10C1F24ADB69E0048A30B /* MainConfiguration.swift */ = {isa = PBXFileReference; lastKnownFileType = sourcecode.swift; path = MainConfiguration.swift; sourceTree = "<group>"; };
		FDF10C2024ADB69E0048A30B /* MainPresenter.swift */ = {isa = PBXFileReference; lastKnownFileType = sourcecode.swift; path = MainPresenter.swift; sourceTree = "<group>"; };
		FDF10C2124ADB69E0048A30B /* MainRouter.swift */ = {isa = PBXFileReference; lastKnownFileType = sourcecode.swift; path = MainRouter.swift; sourceTree = "<group>"; };
		FDF10C2224ADB69E0048A30B /* MainViewController.swift */ = {isa = PBXFileReference; lastKnownFileType = sourcecode.swift; path = MainViewController.swift; sourceTree = "<group>"; };
		FDF10C2324ADB69E0048A30B /* MainInteractor.swift */ = {isa = PBXFileReference; lastKnownFileType = sourcecode.swift; path = MainInteractor.swift; sourceTree = "<group>"; };
		FDF10C2424ADB69E0048A30B /* MainModel.swift */ = {isa = PBXFileReference; lastKnownFileType = sourcecode.swift; path = MainModel.swift; sourceTree = "<group>"; };
		FDF10C2524ADB69E0048A30B /* MainViewController.xib */ = {isa = PBXFileReference; lastKnownFileType = file.xib; path = MainViewController.xib; sourceTree = "<group>"; };
		FDF10C2624ADB69E0048A30B /* MainManager.swift */ = {isa = PBXFileReference; lastKnownFileType = sourcecode.swift; path = MainManager.swift; sourceTree = "<group>"; };
		FDF10C2F24ADB6C20048A30B /* HomeConfiguration.swift */ = {isa = PBXFileReference; lastKnownFileType = sourcecode.swift; path = HomeConfiguration.swift; sourceTree = "<group>"; };
		FDF10C3024ADB6C20048A30B /* HomePresenter.swift */ = {isa = PBXFileReference; lastKnownFileType = sourcecode.swift; path = HomePresenter.swift; sourceTree = "<group>"; };
		FDF10C3124ADB6C20048A30B /* HomeRouter.swift */ = {isa = PBXFileReference; lastKnownFileType = sourcecode.swift; path = HomeRouter.swift; sourceTree = "<group>"; };
		FDF10C3224ADB6C20048A30B /* HomeViewController.swift */ = {isa = PBXFileReference; lastKnownFileType = sourcecode.swift; path = HomeViewController.swift; sourceTree = "<group>"; };
		FDF10C3324ADB6C20048A30B /* HomeInteractor.swift */ = {isa = PBXFileReference; lastKnownFileType = sourcecode.swift; path = HomeInteractor.swift; sourceTree = "<group>"; };
		FDF10C3524ADB6C20048A30B /* HomeViewController.xib */ = {isa = PBXFileReference; lastKnownFileType = file.xib; path = HomeViewController.xib; sourceTree = "<group>"; };
		FDF10C3624ADB6C20048A30B /* HomeManager.swift */ = {isa = PBXFileReference; lastKnownFileType = sourcecode.swift; path = HomeManager.swift; sourceTree = "<group>"; };
		FDF10C3F24ADB6E40048A30B /* DiscoverConfiguration.swift */ = {isa = PBXFileReference; lastKnownFileType = sourcecode.swift; path = DiscoverConfiguration.swift; sourceTree = "<group>"; };
		FDF10C4024ADB6E40048A30B /* DiscoverPresenter.swift */ = {isa = PBXFileReference; lastKnownFileType = sourcecode.swift; path = DiscoverPresenter.swift; sourceTree = "<group>"; };
		FDF10C4124ADB6E40048A30B /* DiscoverRouter.swift */ = {isa = PBXFileReference; lastKnownFileType = sourcecode.swift; path = DiscoverRouter.swift; sourceTree = "<group>"; };
		FDF10C4224ADB6E40048A30B /* DiscoverViewController.swift */ = {isa = PBXFileReference; lastKnownFileType = sourcecode.swift; path = DiscoverViewController.swift; sourceTree = "<group>"; };
		FDF10C4324ADB6E40048A30B /* DiscoverInteractor.swift */ = {isa = PBXFileReference; lastKnownFileType = sourcecode.swift; path = DiscoverInteractor.swift; sourceTree = "<group>"; };
		FDF10C4424ADB6E40048A30B /* DiscoverModel.swift */ = {isa = PBXFileReference; lastKnownFileType = sourcecode.swift; path = DiscoverModel.swift; sourceTree = "<group>"; };
		FDF10C4524ADB6E40048A30B /* DiscoverViewController.xib */ = {isa = PBXFileReference; lastKnownFileType = file.xib; path = DiscoverViewController.xib; sourceTree = "<group>"; };
		FDF10C4624ADB6E40048A30B /* DiscoverManager.swift */ = {isa = PBXFileReference; lastKnownFileType = sourcecode.swift; path = DiscoverManager.swift; sourceTree = "<group>"; };
		FDF10C5724ADBE290048A30B /* MovieCategory.swift */ = {isa = PBXFileReference; lastKnownFileType = sourcecode.swift; path = MovieCategory.swift; sourceTree = "<group>"; };
		FDF10C5924ADBEC00048A30B /* Ext+UITableView.swift */ = {isa = PBXFileReference; lastKnownFileType = sourcecode.swift; path = "Ext+UITableView.swift"; sourceTree = "<group>"; };
		FDF10C5B24ADBED80048A30B /* Ext+UICollectionView.swift */ = {isa = PBXFileReference; lastKnownFileType = sourcecode.swift; path = "Ext+UICollectionView.swift"; sourceTree = "<group>"; };
		FDF10C6124ADC7420048A30B /* MoviesCollectionViewCell.swift */ = {isa = PBXFileReference; lastKnownFileType = sourcecode.swift; path = MoviesCollectionViewCell.swift; sourceTree = "<group>"; };
		FDF10C6224ADC7420048A30B /* MoviesCollectionViewCell.xib */ = {isa = PBXFileReference; lastKnownFileType = file.xib; path = MoviesCollectionViewCell.xib; sourceTree = "<group>"; };
		FDF9148924B182E9008911D2 /* MovieDetailInfoTableViewCell.swift */ = {isa = PBXFileReference; lastKnownFileType = sourcecode.swift; path = MovieDetailInfoTableViewCell.swift; sourceTree = "<group>"; };
		FDF9148A24B182E9008911D2 /* MovieDetailInfoTableViewCell.xib */ = {isa = PBXFileReference; lastKnownFileType = file.xib; path = MovieDetailInfoTableViewCell.xib; sourceTree = "<group>"; };
		FDF9148E24B18329008911D2 /* MovieDetailSimilarTableViewCell.swift */ = {isa = PBXFileReference; lastKnownFileType = sourcecode.swift; path = MovieDetailSimilarTableViewCell.swift; sourceTree = "<group>"; };
		FDF9148F24B18329008911D2 /* MovieDetailSimilarTableViewCell.xib */ = {isa = PBXFileReference; lastKnownFileType = file.xib; path = MovieDetailSimilarTableViewCell.xib; sourceTree = "<group>"; };
		FDF9149324B1A42E008911D2 /* Helper.swift */ = {isa = PBXFileReference; lastKnownFileType = sourcecode.swift; path = Helper.swift; sourceTree = "<group>"; };
		FDF9149524B1B704008911D2 /* Ext+UIFont.swift */ = {isa = PBXFileReference; lastKnownFileType = sourcecode.swift; path = "Ext+UIFont.swift"; sourceTree = "<group>"; };
		FDF9149724B1BBC5008911D2 /* Ext+UIImageView.swift */ = {isa = PBXFileReference; lastKnownFileType = sourcecode.swift; path = "Ext+UIImageView.swift"; sourceTree = "<group>"; };
/* End PBXFileReference section */

/* Begin PBXFrameworksBuildPhase section */
		FDF10BFE24ADB4360048A30B /* Frameworks */ = {
			isa = PBXFrameworksBuildPhase;
			buildActionMask = 2147483647;
			files = (
				9C3BF941451AB583397E2C00 /* libPods-TheMovies.a in Frameworks */,
			);
			runOnlyForDeploymentPostprocessing = 0;
		};
/* End PBXFrameworksBuildPhase section */

/* Begin PBXGroup section */
		111CBE9E7F6DBE8B926A5BBA /* Pods */ = {
			isa = PBXGroup;
			children = (
				B08F41A2DDFE1F7711F04559 /* Pods-TheMovies.debug.xcconfig */,
				40CBBCE2B7B1692F46FA655D /* Pods-TheMovies.release.xcconfig */,
			);
			path = Pods;
			sourceTree = "<group>";
		};
		C36921D0E1D7C91BC8A2CF30 /* Frameworks */ = {
			isa = PBXGroup;
			children = (
				994957B4FBB27A4BE44000ED /* libPods-TheMovies.a */,
			);
			name = Frameworks;
			sourceTree = "<group>";
		};
		FD24684F24ADDF920021833B /* NetworkService */ = {
			isa = PBXGroup;
			children = (
				FD24685424ADE1140021833B /* Endpoint.swift */,
				FD24685224ADE0730021833B /* NetworkService.swift */,
			);
			path = NetworkService;
			sourceTree = "<group>";
		};
		FD24685624ADF7830021833B /* Views */ = {
			isa = PBXGroup;
			children = (
				FD77673124B2061D00EDC311 /* NoMoviesCell */,
				FDAAC01B24AEE4E500377DF2 /* GenresCell */,
				FDAABFF824AED9A500377DF2 /* DiscoverCell */,
				FDF10C6024ADC7280048A30B /* HomeCell */,
				FDF9148D24B18303008911D2 /* MovieSimilarCell */,
				FDF9148824B182AB008911D2 /* MovieInfoCell */,
				FDB465C124B1CCD0002C3D6E /* PeopleCell */,
				FD4604AA24AE288D00AB7260 /* ToastView */,
				FD4604A124AE0E3100AB7260 /* LoadMoreView */,
				FD24685B24ADF8430021833B /* LoadingView */,
			);
			path = Views;
			sourceTree = "<group>";
		};
		FD24685B24ADF8430021833B /* LoadingView */ = {
			isa = PBXGroup;
			children = (
				FD24685C24ADF91A0021833B /* LoadingView.swift */,
				FD24685E24ADF9220021833B /* LoadingView.xib */,
			);
			path = LoadingView;
			sourceTree = "<group>";
		};
		FD4604A124AE0E3100AB7260 /* LoadMoreView */ = {
			isa = PBXGroup;
			children = (
				FD4604A624AE129800AB7260 /* LoadMoreReusableView.swift */,
				FD4604A724AE129800AB7260 /* LoadMoreReusableView.xib */,
			);
			path = LoadMoreView;
			sourceTree = "<group>";
		};
		FD4604AA24AE288D00AB7260 /* ToastView */ = {
			isa = PBXGroup;
			children = (
				FD4604AB24AE28A600AB7260 /* ToastView.swift */,
				FD4604AD24AE28AE00AB7260 /* ToastView.xib */,
				FD4604AF24AE29A500AB7260 /* Toast.swift */,
			);
			path = ToastView;
			sourceTree = "<group>";
		};
		FD77673124B2061D00EDC311 /* NoMoviesCell */ = {
			isa = PBXGroup;
			children = (
				FD77673224B2064A00EDC311 /* NoMoviesTableViewCell.swift */,
				FD77673324B2064A00EDC311 /* NoMoviesTableViewCell.xib */,
			);
			path = NoMoviesCell;
			sourceTree = "<group>";
		};
		FD93C1EA24AECAB50052957E /* MovieDetail */ = {
			isa = PBXGroup;
			children = (
				FD93C1EB24AECAC60052957E /* MovieDetailConfiguration.swift */,
				FD93C1ED24AECAC60052957E /* MovieDetailRouter.swift */,
				FD93C1EC24AECAC60052957E /* MovieDetailPresenter.swift */,
				FD93C1EF24AECAC60052957E /* MovieDetailInteractor.swift */,
				FD93C1F224AECAC60052957E /* MovieDetailManager.swift */,
				FD93C1EE24AECAC60052957E /* MovieDetailViewController.swift */,
				FD93C1F124AECAC60052957E /* MovieDetailViewController.xib */,
			);
			path = MovieDetail;
			sourceTree = "<group>";
		};
		FD93C1FB24AECB830052957E /* AppRouter */ = {
			isa = PBXGroup;
			children = (
				FD93C1FC24AECBB80052957E /* AppRoute.swift */,
				FD93C1FE24AECBD60052957E /* GeneralRoute.swift */,
			);
			path = AppRouter;
			sourceTree = "<group>";
		};
		FDAABFF824AED9A500377DF2 /* DiscoverCell */ = {
			isa = PBXGroup;
			children = (
				FDAABFF924AED9B600377DF2 /* DiscoverCollectionViewCell.swift */,
				FDAABFFA24AED9B600377DF2 /* DiscoverCollectionViewCell.xib */,
			);
			path = DiscoverCell;
			sourceTree = "<group>";
		};
		FDAAC00124AEE00D00377DF2 /* Cache */ = {
			isa = PBXGroup;
			children = (
				FDAAC00424AEE04C00377DF2 /* GenresCache.swift */,
			);
			path = Cache;
			sourceTree = "<group>";
		};
		FDAAC00624AEE17A00377DF2 /* Genres */ = {
			isa = PBXGroup;
			children = (
				FDAAC00724AEE18E00377DF2 /* GenresConfiguration.swift */,
				FDAAC00924AEE18E00377DF2 /* GenresRouter.swift */,
				FDAAC00824AEE18E00377DF2 /* GenresPresenter.swift */,
				FDAAC00B24AEE18E00377DF2 /* GenresInteractor.swift */,
				FDAAC00E24AEE18E00377DF2 /* GenresManager.swift */,
				FDAAC00A24AEE18E00377DF2 /* GenresViewController.swift */,
				FDAAC00D24AEE18E00377DF2 /* GenresViewController.xib */,
			);
			path = Genres;
			sourceTree = "<group>";
		};
		FDAAC01B24AEE4E500377DF2 /* GenresCell */ = {
			isa = PBXGroup;
			children = (
				FDAAC01724AEE4DE00377DF2 /* GenresTableViewCell.swift */,
				FDAAC01824AEE4DE00377DF2 /* GenresTableViewCell.xib */,
			);
			path = GenresCell;
			sourceTree = "<group>";
		};
		FDAAC01C24AEFBC700377DF2 /* Movies */ = {
			isa = PBXGroup;
			children = (
				FDAAC01F24AEFC1700377DF2 /* MoviesCollectionViewController.swift */,
			);
			path = Movies;
			sourceTree = "<group>";
		};
		FDB465C124B1CCD0002C3D6E /* PeopleCell */ = {
			isa = PBXGroup;
			children = (
				FDB465C224B1CD02002C3D6E /* PeopleCollectionViewCell.swift */,
				FDB465C324B1CD02002C3D6E /* PeopleCollectionViewCell.xib */,
			);
			path = PeopleCell;
			sourceTree = "<group>";
		};
		FDF10BF824ADB4360048A30B = {
			isa = PBXGroup;
			children = (
				FDF10C0324ADB4360048A30B /* TheMovies */,
				FDF10C0224ADB4360048A30B /* Products */,
				111CBE9E7F6DBE8B926A5BBA /* Pods */,
				C36921D0E1D7C91BC8A2CF30 /* Frameworks */,
			);
			sourceTree = "<group>";
		};
		FDF10C0224ADB4360048A30B /* Products */ = {
			isa = PBXGroup;
			children = (
				FDF10C0124ADB4360048A30B /* TheMovies.app */,
			);
			name = Products;
			sourceTree = "<group>";
		};
		FDF10C0324ADB4360048A30B /* TheMovies */ = {
			isa = PBXGroup;
			children = (
				FDF10C1824ADB50D0048A30B /* App */,
				FDF10C0424ADB4360048A30B /* AppDelegate.swift */,
				FDF10C0824ADB4360048A30B /* ViewController.swift */,
				FDF10C0A24ADB4360048A30B /* Main.storyboard */,
				FDF10C0D24ADB43B0048A30B /* Assets.xcassets */,
				FDF10C0F24ADB43B0048A30B /* LaunchScreen.storyboard */,
				FDF10C1224ADB43B0048A30B /* Info.plist */,
			);
			path = TheMovies;
			sourceTree = "<group>";
		};
		FDF10C1824ADB50D0048A30B /* App */ = {
			isa = PBXGroup;
			children = (
				FDF10C5024ADBCC80048A30B /* Extension */,
				FDF9149224B1A41D008911D2 /* Helper */,
				FDAAC00124AEE00D00377DF2 /* Cache */,
				FD24684F24ADDF920021833B /* NetworkService */,
				FDF10C4F24ADB7560048A30B /* Constant */,
				FDF10C5624ADBE050048A30B /* Model */,
				FD24685624ADF7830021833B /* Views */,
				FD93C1FB24AECB830052957E /* AppRouter */,
				FDF10C1924ADB5140048A30B /* Module */,
			);
			path = App;
			sourceTree = "<group>";
		};
		FDF10C1924ADB5140048A30B /* Module */ = {
			isa = PBXGroup;
			children = (
				FDAAC01C24AEFBC700377DF2 /* Movies */,
				FDAAC00624AEE17A00377DF2 /* Genres */,
				FD93C1EA24AECAB50052957E /* MovieDetail */,
				FDF10C5D24ADC2A80048A30B /* MovieCategory */,
				FDF10C1C24ADB5590048A30B /* Discover */,
				FDF10C1B24ADB5540048A30B /* Home */,
				FDF10C1A24ADB5500048A30B /* Main */,
			);
			path = Module;
			sourceTree = "<group>";
		};
		FDF10C1A24ADB5500048A30B /* Main */ = {
			isa = PBXGroup;
			children = (
				FDF10C1F24ADB69E0048A30B /* MainConfiguration.swift */,
				FDF10C2124ADB69E0048A30B /* MainRouter.swift */,
				FDF10C2024ADB69E0048A30B /* MainPresenter.swift */,
				FDF10C2324ADB69E0048A30B /* MainInteractor.swift */,
				FDF10C2624ADB69E0048A30B /* MainManager.swift */,
				FDF10C2424ADB69E0048A30B /* MainModel.swift */,
				FDF10C2224ADB69E0048A30B /* MainViewController.swift */,
				FDF10C2524ADB69E0048A30B /* MainViewController.xib */,
			);
			path = Main;
			sourceTree = "<group>";
		};
		FDF10C1B24ADB5540048A30B /* Home */ = {
			isa = PBXGroup;
			children = (
				FDF10C2F24ADB6C20048A30B /* HomeConfiguration.swift */,
				FDF10C3124ADB6C20048A30B /* HomeRouter.swift */,
				FDF10C3024ADB6C20048A30B /* HomePresenter.swift */,
				FDF10C3324ADB6C20048A30B /* HomeInteractor.swift */,
				FDF10C3624ADB6C20048A30B /* HomeManager.swift */,
				FDF10C3224ADB6C20048A30B /* HomeViewController.swift */,
				FDF10C3524ADB6C20048A30B /* HomeViewController.xib */,
			);
			path = Home;
			sourceTree = "<group>";
		};
		FDF10C1C24ADB5590048A30B /* Discover */ = {
			isa = PBXGroup;
			children = (
				FDF10C3F24ADB6E40048A30B /* DiscoverConfiguration.swift */,
				FDF10C4124ADB6E40048A30B /* DiscoverRouter.swift */,
				FDF10C4024ADB6E40048A30B /* DiscoverPresenter.swift */,
				FDF10C4324ADB6E40048A30B /* DiscoverInteractor.swift */,
				FDF10C4624ADB6E40048A30B /* DiscoverManager.swift */,
				FDF10C4224ADB6E40048A30B /* DiscoverViewController.swift */,
				FDF10C4524ADB6E40048A30B /* DiscoverViewController.xib */,
			);
			path = Discover;
			sourceTree = "<group>";
		};
		FDF10C4F24ADB7560048A30B /* Constant */ = {
			isa = PBXGroup;
			children = (
				FD24685024ADDFA00021833B /* API.swift */,
				FD17C94024AF26630000D19B /* Colors.swift */,
			);
			path = Constant;
			sourceTree = "<group>";
		};
		FDF10C5024ADBCC80048A30B /* Extension */ = {
			isa = PBXGroup;
			children = (
				FDF10C5924ADBEC00048A30B /* Ext+UITableView.swift */,
				FDF10C5B24ADBED80048A30B /* Ext+UICollectionView.swift */,
				FD24686024ADF9780021833B /* Ext+UIView.swift */,
				FD4604B124AE29C500AB7260 /* Ext+UIViewController.swift */,
				FD4604B324AE29EE00AB7260 /* Ext+UIApplication.swift */,
				FDF9149524B1B704008911D2 /* Ext+UIFont.swift */,
				FDF9149724B1BBC5008911D2 /* Ext+UIImageView.swift */,
			);
			path = Extension;
			sourceTree = "<group>";
		};
		FDF10C5624ADBE050048A30B /* Model */ = {
			isa = PBXGroup;
			children = (
				FDF10C5724ADBE290048A30B /* MovieCategory.swift */,
				FDAABFFD24AEDDDA00377DF2 /* HomeModel.swift */,
				FDF10C4424ADB6E40048A30B /* DiscoverModel.swift */,
				FD93C1F024AECAC60052957E /* MovieDetailModel.swift */,
				FDAAC00C24AEE18E00377DF2 /* GenresModel.swift */,
			);
			path = Model;
			sourceTree = "<group>";
		};
		FDF10C5D24ADC2A80048A30B /* MovieCategory */ = {
			isa = PBXGroup;
			children = (
				FDF10C6824ADCD9E0048A30B /* TopRatedMovies */,
				FDF10C6724ADCD940048A30B /* UpcomingMovies */,
				FDF10C6624ADCD830048A30B /* PlayingMovies */,
				FDF10C6524ADCD680048A30B /* PopularMovies */,
				FD17C94224AF2A3C0000D19B /* MovieCategoryViewController.swift */,
			);
			path = MovieCategory;
			sourceTree = "<group>";
		};
		FDF10C6024ADC7280048A30B /* HomeCell */ = {
			isa = PBXGroup;
			children = (
				FDF10C6124ADC7420048A30B /* MoviesCollectionViewCell.swift */,
				FDF10C6224ADC7420048A30B /* MoviesCollectionViewCell.xib */,
			);
			path = HomeCell;
			sourceTree = "<group>";
		};
		FDF10C6524ADCD680048A30B /* PopularMovies */ = {
			isa = PBXGroup;
			children = (
				FDA0ADA824AE32AB00531BA4 /* PopularMoviesConfiguration.swift */,
				FDA0ADAA24AE32AB00531BA4 /* PopularMoviesRouter.swift */,
				FDA0ADA924AE32AB00531BA4 /* PopularMoviesPresenter.swift */,
				FDA0ADAC24AE32AB00531BA4 /* PopularMoviesInteractor.swift */,
				FDA0ADAF24AE32AB00531BA4 /* PopularMoviesManager.swift */,
				FDA0ADAD24AE32AB00531BA4 /* PopularMoviesModel.swift */,
				FDA0ADAB24AE32AB00531BA4 /* PopularMoviesViewController.swift */,
				FDA0ADAE24AE32AB00531BA4 /* PopularMoviesViewController.xib */,
			);
			path = PopularMovies;
			sourceTree = "<group>";
		};
		FDF10C6624ADCD830048A30B /* PlayingMovies */ = {
			isa = PBXGroup;
			children = (
				FDA0ADBA24AE339000531BA4 /* PlayingMoviesConfiguration.swift */,
				FDA0ADBC24AE339000531BA4 /* PlayingMoviesRouter.swift */,
				FDA0ADBB24AE339000531BA4 /* PlayingMoviesPresenter.swift */,
				FDA0ADBE24AE339000531BA4 /* PlayingMoviesInteractor.swift */,
				FDA0ADC124AE339000531BA4 /* PlayingMoviesManager.swift */,
				FDA0ADBF24AE339000531BA4 /* PlayingMoviesModel.swift */,
				FDA0ADBD24AE339000531BA4 /* PlayingMoviesViewController.swift */,
				FDA0ADC024AE339000531BA4 /* PlayingMoviesViewController.xib */,
			);
			path = PlayingMovies;
			sourceTree = "<group>";
		};
		FDF10C6724ADCD940048A30B /* UpcomingMovies */ = {
			isa = PBXGroup;
			children = (
				FDA0ADCA24AE33A500531BA4 /* UpcomingMoviesConfiguration.swift */,
				FDA0ADCC24AE33A500531BA4 /* UpcomingMoviesRouter.swift */,
				FDA0ADCB24AE33A500531BA4 /* UpcomingMoviesPresenter.swift */,
				FDA0ADCE24AE33A500531BA4 /* UpcomingMoviesInteractor.swift */,
				FDA0ADD124AE33A500531BA4 /* UpcomingMoviesManager.swift */,
				FDA0ADCF24AE33A500531BA4 /* UpcomingMoviesModel.swift */,
				FDA0ADCD24AE33A500531BA4 /* UpcomingMoviesViewController.swift */,
				FDA0ADD024AE33A500531BA4 /* UpcomingMoviesViewController.xib */,
			);
			path = UpcomingMovies;
			sourceTree = "<group>";
		};
		FDF10C6824ADCD9E0048A30B /* TopRatedMovies */ = {
			isa = PBXGroup;
			children = (
				FDA0ADDA24AE33C100531BA4 /* TopRatedMoviesConfiguration.swift */,
				FDA0ADDC24AE33C100531BA4 /* TopRatedMoviesRouter.swift */,
				FDA0ADDB24AE33C100531BA4 /* TopRatedMoviesPresenter.swift */,
				FDA0ADDE24AE33C100531BA4 /* TopRatedMoviesInteractor.swift */,
				FDA0ADE124AE33C100531BA4 /* TopRatedMoviesManager.swift */,
				FDA0ADDF24AE33C100531BA4 /* TopRatedMoviesModel.swift */,
				FDA0ADDD24AE33C100531BA4 /* TopRatedMoviesViewController.swift */,
				FDA0ADE024AE33C100531BA4 /* TopRatedMoviesViewController.xib */,
			);
			path = TopRatedMovies;
			sourceTree = "<group>";
		};
		FDF9148824B182AB008911D2 /* MovieInfoCell */ = {
			isa = PBXGroup;
			children = (
				FDF9148924B182E9008911D2 /* MovieDetailInfoTableViewCell.swift */,
				FDF9148A24B182E9008911D2 /* MovieDetailInfoTableViewCell.xib */,
			);
			path = MovieInfoCell;
			sourceTree = "<group>";
		};
		FDF9148D24B18303008911D2 /* MovieSimilarCell */ = {
			isa = PBXGroup;
			children = (
				FDF9148E24B18329008911D2 /* MovieDetailSimilarTableViewCell.swift */,
				FDF9148F24B18329008911D2 /* MovieDetailSimilarTableViewCell.xib */,
			);
			path = MovieSimilarCell;
			sourceTree = "<group>";
		};
		FDF9149224B1A41D008911D2 /* Helper */ = {
			isa = PBXGroup;
			children = (
				FDF9149324B1A42E008911D2 /* Helper.swift */,
			);
			path = Helper;
			sourceTree = "<group>";
		};
/* End PBXGroup section */

/* Begin PBXNativeTarget section */
		FDF10C0024ADB4360048A30B /* TheMovies */ = {
			isa = PBXNativeTarget;
			buildConfigurationList = FDF10C1524ADB43B0048A30B /* Build configuration list for PBXNativeTarget "TheMovies" */;
			buildPhases = (
				0FB0F8FF74B761E82A1DAF1C /* [CP] Check Pods Manifest.lock */,
				FDF10BFD24ADB4360048A30B /* Sources */,
				FDF10BFE24ADB4360048A30B /* Frameworks */,
				FDF10BFF24ADB4360048A30B /* Resources */,
			);
			buildRules = (
			);
			dependencies = (
			);
			name = TheMovies;
			productName = TheMovies;
			productReference = FDF10C0124ADB4360048A30B /* TheMovies.app */;
			productType = "com.apple.product-type.application";
		};
/* End PBXNativeTarget section */

/* Begin PBXProject section */
		FDF10BF924ADB4360048A30B /* Project object */ = {
			isa = PBXProject;
			attributes = {
				LastSwiftUpdateCheck = 1150;
				LastUpgradeCheck = 1150;
				ORGANIZATIONNAME = "Febri Adrian";
				TargetAttributes = {
					FDF10C0024ADB4360048A30B = {
						CreatedOnToolsVersion = 11.5;
					};
				};
			};
			buildConfigurationList = FDF10BFC24ADB4360048A30B /* Build configuration list for PBXProject "TheMovies" */;
			compatibilityVersion = "Xcode 9.3";
			developmentRegion = en;
			hasScannedForEncodings = 0;
			knownRegions = (
				en,
				Base,
			);
			mainGroup = FDF10BF824ADB4360048A30B;
			productRefGroup = FDF10C0224ADB4360048A30B /* Products */;
			projectDirPath = "";
			projectRoot = "";
			targets = (
				FDF10C0024ADB4360048A30B /* TheMovies */,
			);
		};
/* End PBXProject section */

/* Begin PBXResourcesBuildPhase section */
		FDF10BFF24ADB4360048A30B /* Resources */ = {
			isa = PBXResourcesBuildPhase;
			buildActionMask = 2147483647;
			files = (
				FD93C1F924AECAC60052957E /* MovieDetailViewController.xib in Resources */,
				FDA0ADD824AE33A500531BA4 /* UpcomingMoviesViewController.xib in Resources */,
				FDF10C1124ADB43B0048A30B /* LaunchScreen.storyboard in Resources */,
				FDF9149124B18329008911D2 /* MovieDetailSimilarTableViewCell.xib in Resources */,
				FDF9148C24B182E9008911D2 /* MovieDetailInfoTableViewCell.xib in Resources */,
				FDA0ADE824AE33C100531BA4 /* TopRatedMoviesViewController.xib in Resources */,
				FD4604AE24AE28AE00AB7260 /* ToastView.xib in Resources */,
				FDAABFFC24AED9B600377DF2 /* DiscoverCollectionViewCell.xib in Resources */,
				FDA0ADB624AE32AB00531BA4 /* PopularMoviesViewController.xib in Resources */,
				FDF10C4D24ADB6E40048A30B /* DiscoverViewController.xib in Resources */,
				FDF10C6424ADC7420048A30B /* MoviesCollectionViewCell.xib in Resources */,
				FDAAC01524AEE18E00377DF2 /* GenresViewController.xib in Resources */,
				FDF10C0E24ADB43B0048A30B /* Assets.xcassets in Resources */,
				FD77673524B2064A00EDC311 /* NoMoviesTableViewCell.xib in Resources */,
				FDF10C3D24ADB6C20048A30B /* HomeViewController.xib in Resources */,
				FDA0ADC824AE339000531BA4 /* PlayingMoviesViewController.xib in Resources */,
				FD24685F24ADF9220021833B /* LoadingView.xib in Resources */,
				FDF10C0C24ADB4360048A30B /* Main.storyboard in Resources */,
				FDB465C524B1CD02002C3D6E /* PeopleCollectionViewCell.xib in Resources */,
				FDAAC01A24AEE4DE00377DF2 /* GenresTableViewCell.xib in Resources */,
				FDF10C2D24ADB69E0048A30B /* MainViewController.xib in Resources */,
				FD4604A924AE129800AB7260 /* LoadMoreReusableView.xib in Resources */,
			);
			runOnlyForDeploymentPostprocessing = 0;
		};
/* End PBXResourcesBuildPhase section */

/* Begin PBXShellScriptBuildPhase section */
		0FB0F8FF74B761E82A1DAF1C /* [CP] Check Pods Manifest.lock */ = {
			isa = PBXShellScriptBuildPhase;
			buildActionMask = 2147483647;
			files = (
			);
			inputFileListPaths = (
			);
			inputPaths = (
				"${PODS_PODFILE_DIR_PATH}/Podfile.lock",
				"${PODS_ROOT}/Manifest.lock",
			);
			name = "[CP] Check Pods Manifest.lock";
			outputFileListPaths = (
			);
			outputPaths = (
				"$(DERIVED_FILE_DIR)/Pods-TheMovies-checkManifestLockResult.txt",
			);
			runOnlyForDeploymentPostprocessing = 0;
			shellPath = /bin/sh;
			shellScript = "diff \"${PODS_PODFILE_DIR_PATH}/Podfile.lock\" \"${PODS_ROOT}/Manifest.lock\" > /dev/null\nif [ $? != 0 ] ; then\n    # print error to STDERR\n    echo \"error: The sandbox is not in sync with the Podfile.lock. Run 'pod install' or update your CocoaPods installation.\" >&2\n    exit 1\nfi\n# This output is used by Xcode 'outputs' to avoid re-running this script phase.\necho \"SUCCESS\" > \"${SCRIPT_OUTPUT_FILE_0}\"\n";
			showEnvVarsInLog = 0;
		};
/* End PBXShellScriptBuildPhase section */

/* Begin PBXSourcesBuildPhase section */
		FDF10BFD24ADB4360048A30B /* Sources */ = {
			isa = PBXSourcesBuildPhase;
			buildActionMask = 2147483647;
			files = (
				FD93C1F524AECAC60052957E /* MovieDetailRouter.swift in Sources */,
				FDA0ADE724AE33C100531BA4 /* TopRatedMoviesModel.swift in Sources */,
				FDA0ADB524AE32AB00531BA4 /* PopularMoviesModel.swift in Sources */,
				FDA0ADC724AE339000531BA4 /* PlayingMoviesModel.swift in Sources */,
				FDAAC01124AEE18E00377DF2 /* GenresRouter.swift in Sources */,
				FDA0ADC524AE339000531BA4 /* PlayingMoviesViewController.swift in Sources */,
				FDAAC01224AEE18E00377DF2 /* GenresViewController.swift in Sources */,
				FDAAC01024AEE18E00377DF2 /* GenresPresenter.swift in Sources */,
				FDF9149624B1B704008911D2 /* Ext+UIFont.swift in Sources */,
				FD93C1F324AECAC60052957E /* MovieDetailConfiguration.swift in Sources */,
				FDA0ADD424AE33A500531BA4 /* UpcomingMoviesRouter.swift in Sources */,
				FDF10C3E24ADB6C20048A30B /* HomeManager.swift in Sources */,
				FDF10C2C24ADB69E0048A30B /* MainModel.swift in Sources */,
				FDA0ADE424AE33C100531BA4 /* TopRatedMoviesRouter.swift in Sources */,
				FDA0ADD724AE33A500531BA4 /* UpcomingMoviesModel.swift in Sources */,
				FD24686124ADF9780021833B /* Ext+UIView.swift in Sources */,
				FDA0ADE524AE33C100531BA4 /* TopRatedMoviesViewController.swift in Sources */,
				FDF10C3924ADB6C20048A30B /* HomeRouter.swift in Sources */,
				FDF10C4924ADB6E40048A30B /* DiscoverRouter.swift in Sources */,
				FDF10C2924ADB69E0048A30B /* MainRouter.swift in Sources */,
				FDA0ADB724AE32AB00531BA4 /* PopularMoviesManager.swift in Sources */,
				FD4604B424AE29EE00AB7260 /* Ext+UIApplication.swift in Sources */,
				FD4604A824AE129800AB7260 /* LoadMoreReusableView.swift in Sources */,
				FD4604AC24AE28A600AB7260 /* ToastView.swift in Sources */,
				FDA0ADD224AE33A500531BA4 /* UpcomingMoviesConfiguration.swift in Sources */,
				FDF10C2724ADB69E0048A30B /* MainConfiguration.swift in Sources */,
				FDA0ADC424AE339000531BA4 /* PlayingMoviesRouter.swift in Sources */,
				FDF10C5824ADBE290048A30B /* MovieCategory.swift in Sources */,
				FDA0ADB424AE32AB00531BA4 /* PopularMoviesInteractor.swift in Sources */,
				FDA0ADE924AE33C100531BA4 /* TopRatedMoviesManager.swift in Sources */,
				FD93C1FA24AECAC60052957E /* MovieDetailManager.swift in Sources */,
				FD93C1F724AECAC60052957E /* MovieDetailInteractor.swift in Sources */,
				FDF10C4B24ADB6E40048A30B /* DiscoverInteractor.swift in Sources */,
				FDF10C2E24ADB69E0048A30B /* MainManager.swift in Sources */,
				FDF10C4C24ADB6E40048A30B /* DiscoverModel.swift in Sources */,
				FD93C1F424AECAC60052957E /* MovieDetailPresenter.swift in Sources */,
				FDF10C0924ADB4360048A30B /* ViewController.swift in Sources */,
				FDF9149424B1A42E008911D2 /* Helper.swift in Sources */,
				FD93C1FF24AECBD60052957E /* GeneralRoute.swift in Sources */,
				FDF10C2A24ADB69E0048A30B /* MainViewController.swift in Sources */,
				FDF10C4A24ADB6E40048A30B /* DiscoverViewController.swift in Sources */,
				FDA0ADC624AE339000531BA4 /* PlayingMoviesInteractor.swift in Sources */,
				FD4604B024AE29A500AB7260 /* Toast.swift in Sources */,
				FDAABFFB24AED9B600377DF2 /* DiscoverCollectionViewCell.swift in Sources */,
				FD24685524ADE1140021833B /* Endpoint.swift in Sources */,
				FD93C1F824AECAC60052957E /* MovieDetailModel.swift in Sources */,
				FDAAC01324AEE18E00377DF2 /* GenresInteractor.swift in Sources */,
				FDF10C0524ADB4360048A30B /* AppDelegate.swift in Sources */,
				FDA0ADC324AE339000531BA4 /* PlayingMoviesPresenter.swift in Sources */,
				FD24685D24ADF91A0021833B /* LoadingView.swift in Sources */,
				FDA0ADC924AE339000531BA4 /* PlayingMoviesManager.swift in Sources */,
				FDAAC00F24AEE18E00377DF2 /* GenresConfiguration.swift in Sources */,
				FDB465C424B1CD02002C3D6E /* PeopleCollectionViewCell.swift in Sources */,
				FDAAC02024AEFC1700377DF2 /* MoviesCollectionViewController.swift in Sources */,
				FD93C1FD24AECBB80052957E /* AppRoute.swift in Sources */,
				FDF10C2B24ADB69E0048A30B /* MainInteractor.swift in Sources */,
				FD4604B224AE29C500AB7260 /* Ext+UIViewController.swift in Sources */,
				FDF10C5C24ADBED80048A30B /* Ext+UICollectionView.swift in Sources */,
				FDAAC00524AEE04C00377DF2 /* GenresCache.swift in Sources */,
				FDA0ADE224AE33C100531BA4 /* TopRatedMoviesConfiguration.swift in Sources */,
				FDAABFFE24AEDDDA00377DF2 /* HomeModel.swift in Sources */,
				FD93C1F624AECAC60052957E /* MovieDetailViewController.swift in Sources */,
				FDA0ADD924AE33A500531BA4 /* UpcomingMoviesManager.swift in Sources */,
				FDA0ADE624AE33C100531BA4 /* TopRatedMoviesInteractor.swift in Sources */,
				FDA0ADD524AE33A500531BA4 /* UpcomingMoviesViewController.swift in Sources */,
				FDF10C4824ADB6E40048A30B /* DiscoverPresenter.swift in Sources */,
				FDA0ADD624AE33A500531BA4 /* UpcomingMoviesInteractor.swift in Sources */,
				FDF9149024B18329008911D2 /* MovieDetailSimilarTableViewCell.swift in Sources */,
				FDF10C4E24ADB6E40048A30B /* DiscoverManager.swift in Sources */,
				FDAAC01624AEE18E00377DF2 /* GenresManager.swift in Sources */,
				FDA0ADB224AE32AB00531BA4 /* PopularMoviesRouter.swift in Sources */,
				FD24685324ADE0730021833B /* NetworkService.swift in Sources */,
				FD17C94324AF2A3C0000D19B /* MovieCategoryViewController.swift in Sources */,
				FD24685124ADDFA00021833B /* API.swift in Sources */,
				FDA0ADB024AE32AB00531BA4 /* PopularMoviesConfiguration.swift in Sources */,
				FD77673424B2064A00EDC311 /* NoMoviesTableViewCell.swift in Sources */,
				FDF9149824B1BBC5008911D2 /* Ext+UIImageView.swift in Sources */,
				FDAAC01924AEE4DE00377DF2 /* GenresTableViewCell.swift in Sources */,
				FDA0ADD324AE33A500531BA4 /* UpcomingMoviesPresenter.swift in Sources */,
				FDF10C5A24ADBEC00048A30B /* Ext+UITableView.swift in Sources */,
				FDA0ADC224AE339000531BA4 /* PlayingMoviesConfiguration.swift in Sources */,
				FDF10C2824ADB69E0048A30B /* MainPresenter.swift in Sources */,
				FD17C94124AF26630000D19B /* Colors.swift in Sources */,
				FDF10C3724ADB6C20048A30B /* HomeConfiguration.swift in Sources */,
				FDF10C3A24ADB6C20048A30B /* HomeViewController.swift in Sources */,
				FDF10C3824ADB6C20048A30B /* HomePresenter.swift in Sources */,
				FDA0ADB124AE32AB00531BA4 /* PopularMoviesPresenter.swift in Sources */,
				FDA0ADE324AE33C100531BA4 /* TopRatedMoviesPresenter.swift in Sources */,
				FDF10C4724ADB6E40048A30B /* DiscoverConfiguration.swift in Sources */,
				FDF10C3B24ADB6C20048A30B /* HomeInteractor.swift in Sources */,
				FDF10C6324ADC7420048A30B /* MoviesCollectionViewCell.swift in Sources */,
				FDF9148B24B182E9008911D2 /* MovieDetailInfoTableViewCell.swift in Sources */,
				FDA0ADB324AE32AB00531BA4 /* PopularMoviesViewController.swift in Sources */,
				FDAAC01424AEE18E00377DF2 /* GenresModel.swift in Sources */,
			);
			runOnlyForDeploymentPostprocessing = 0;
		};
/* End PBXSourcesBuildPhase section */

/* Begin PBXVariantGroup section */
		FDF10C0A24ADB4360048A30B /* Main.storyboard */ = {
			isa = PBXVariantGroup;
			children = (
				FDF10C0B24ADB4360048A30B /* Base */,
			);
			name = Main.storyboard;
			sourceTree = "<group>";
		};
		FDF10C0F24ADB43B0048A30B /* LaunchScreen.storyboard */ = {
			isa = PBXVariantGroup;
			children = (
				FDF10C1024ADB43B0048A30B /* Base */,
			);
			name = LaunchScreen.storyboard;
			sourceTree = "<group>";
		};
/* End PBXVariantGroup section */

/* Begin XCBuildConfiguration section */
		FDF10C1324ADB43B0048A30B /* Debug */ = {
			isa = XCBuildConfiguration;
			buildSettings = {
				ALWAYS_SEARCH_USER_PATHS = NO;
				CLANG_ANALYZER_NONNULL = YES;
				CLANG_ANALYZER_NUMBER_OBJECT_CONVERSION = YES_AGGRESSIVE;
				CLANG_CXX_LANGUAGE_STANDARD = "gnu++14";
				CLANG_CXX_LIBRARY = "libc++";
				CLANG_ENABLE_MODULES = YES;
				CLANG_ENABLE_OBJC_ARC = YES;
				CLANG_ENABLE_OBJC_WEAK = YES;
				CLANG_WARN_BLOCK_CAPTURE_AUTORELEASING = YES;
				CLANG_WARN_BOOL_CONVERSION = YES;
				CLANG_WARN_COMMA = YES;
				CLANG_WARN_CONSTANT_CONVERSION = YES;
				CLANG_WARN_DEPRECATED_OBJC_IMPLEMENTATIONS = YES;
				CLANG_WARN_DIRECT_OBJC_ISA_USAGE = YES_ERROR;
				CLANG_WARN_DOCUMENTATION_COMMENTS = YES;
				CLANG_WARN_EMPTY_BODY = YES;
				CLANG_WARN_ENUM_CONVERSION = YES;
				CLANG_WARN_INFINITE_RECURSION = YES;
				CLANG_WARN_INT_CONVERSION = YES;
				CLANG_WARN_NON_LITERAL_NULL_CONVERSION = YES;
				CLANG_WARN_OBJC_IMPLICIT_RETAIN_SELF = YES;
				CLANG_WARN_OBJC_LITERAL_CONVERSION = YES;
				CLANG_WARN_OBJC_ROOT_CLASS = YES_ERROR;
				CLANG_WARN_RANGE_LOOP_ANALYSIS = YES;
				CLANG_WARN_STRICT_PROTOTYPES = YES;
				CLANG_WARN_SUSPICIOUS_MOVE = YES;
				CLANG_WARN_UNGUARDED_AVAILABILITY = YES_AGGRESSIVE;
				CLANG_WARN_UNREACHABLE_CODE = YES;
				CLANG_WARN__DUPLICATE_METHOD_MATCH = YES;
				COPY_PHASE_STRIP = NO;
				DEBUG_INFORMATION_FORMAT = dwarf;
				ENABLE_STRICT_OBJC_MSGSEND = YES;
				ENABLE_TESTABILITY = YES;
				GCC_C_LANGUAGE_STANDARD = gnu11;
				GCC_DYNAMIC_NO_PIC = NO;
				GCC_NO_COMMON_BLOCKS = YES;
				GCC_OPTIMIZATION_LEVEL = 0;
				GCC_PREPROCESSOR_DEFINITIONS = (
					"DEBUG=1",
					"$(inherited)",
				);
				GCC_WARN_64_TO_32_BIT_CONVERSION = YES;
				GCC_WARN_ABOUT_RETURN_TYPE = YES_ERROR;
				GCC_WARN_UNDECLARED_SELECTOR = YES;
				GCC_WARN_UNINITIALIZED_AUTOS = YES_AGGRESSIVE;
				GCC_WARN_UNUSED_FUNCTION = YES;
				GCC_WARN_UNUSED_VARIABLE = YES;
				IPHONEOS_DEPLOYMENT_TARGET = 13.5;
				MTL_ENABLE_DEBUG_INFO = INCLUDE_SOURCE;
				MTL_FAST_MATH = YES;
				ONLY_ACTIVE_ARCH = YES;
				SDKROOT = iphoneos;
				SWIFT_ACTIVE_COMPILATION_CONDITIONS = DEBUG;
				SWIFT_OPTIMIZATION_LEVEL = "-Onone";
			};
			name = Debug;
		};
		FDF10C1424ADB43B0048A30B /* Release */ = {
			isa = XCBuildConfiguration;
			buildSettings = {
				ALWAYS_SEARCH_USER_PATHS = NO;
				CLANG_ANALYZER_NONNULL = YES;
				CLANG_ANALYZER_NUMBER_OBJECT_CONVERSION = YES_AGGRESSIVE;
				CLANG_CXX_LANGUAGE_STANDARD = "gnu++14";
				CLANG_CXX_LIBRARY = "libc++";
				CLANG_ENABLE_MODULES = YES;
				CLANG_ENABLE_OBJC_ARC = YES;
				CLANG_ENABLE_OBJC_WEAK = YES;
				CLANG_WARN_BLOCK_CAPTURE_AUTORELEASING = YES;
				CLANG_WARN_BOOL_CONVERSION = YES;
				CLANG_WARN_COMMA = YES;
				CLANG_WARN_CONSTANT_CONVERSION = YES;
				CLANG_WARN_DEPRECATED_OBJC_IMPLEMENTATIONS = YES;
				CLANG_WARN_DIRECT_OBJC_ISA_USAGE = YES_ERROR;
				CLANG_WARN_DOCUMENTATION_COMMENTS = YES;
				CLANG_WARN_EMPTY_BODY = YES;
				CLANG_WARN_ENUM_CONVERSION = YES;
				CLANG_WARN_INFINITE_RECURSION = YES;
				CLANG_WARN_INT_CONVERSION = YES;
				CLANG_WARN_NON_LITERAL_NULL_CONVERSION = YES;
				CLANG_WARN_OBJC_IMPLICIT_RETAIN_SELF = YES;
				CLANG_WARN_OBJC_LITERAL_CONVERSION = YES;
				CLANG_WARN_OBJC_ROOT_CLASS = YES_ERROR;
				CLANG_WARN_RANGE_LOOP_ANALYSIS = YES;
				CLANG_WARN_STRICT_PROTOTYPES = YES;
				CLANG_WARN_SUSPICIOUS_MOVE = YES;
				CLANG_WARN_UNGUARDED_AVAILABILITY = YES_AGGRESSIVE;
				CLANG_WARN_UNREACHABLE_CODE = YES;
				CLANG_WARN__DUPLICATE_METHOD_MATCH = YES;
				COPY_PHASE_STRIP = NO;
				DEBUG_INFORMATION_FORMAT = "dwarf-with-dsym";
				ENABLE_NS_ASSERTIONS = NO;
				ENABLE_STRICT_OBJC_MSGSEND = YES;
				GCC_C_LANGUAGE_STANDARD = gnu11;
				GCC_NO_COMMON_BLOCKS = YES;
				GCC_WARN_64_TO_32_BIT_CONVERSION = YES;
				GCC_WARN_ABOUT_RETURN_TYPE = YES_ERROR;
				GCC_WARN_UNDECLARED_SELECTOR = YES;
				GCC_WARN_UNINITIALIZED_AUTOS = YES_AGGRESSIVE;
				GCC_WARN_UNUSED_FUNCTION = YES;
				GCC_WARN_UNUSED_VARIABLE = YES;
				IPHONEOS_DEPLOYMENT_TARGET = 13.5;
				MTL_ENABLE_DEBUG_INFO = NO;
				MTL_FAST_MATH = YES;
				SDKROOT = iphoneos;
				SWIFT_COMPILATION_MODE = wholemodule;
				SWIFT_OPTIMIZATION_LEVEL = "-O";
				VALIDATE_PRODUCT = YES;
			};
			name = Release;
		};
		FDF10C1624ADB43B0048A30B /* Debug */ = {
			isa = XCBuildConfiguration;
			baseConfigurationReference = B08F41A2DDFE1F7711F04559 /* Pods-TheMovies.debug.xcconfig */;
			buildSettings = {
				ASSETCATALOG_COMPILER_APPICON_NAME = AppIcon;
				CODE_SIGN_STYLE = Automatic;
				CURRENT_PROJECT_VERSION = 1;
				DEVELOPMENT_TEAM = 9586AWQHTX;
				INFOPLIST_FILE = TheMovies/Info.plist;
				IPHONEOS_DEPLOYMENT_TARGET = 11.0;
				LD_RUNPATH_SEARCH_PATHS = (
					"$(inherited)",
					"@executable_path/Frameworks",
				);
				MARKETING_VERSION = 1.0.0;
				PRODUCT_BUNDLE_IDENTIFIER = com.febriadrian.TheMovies;
				PRODUCT_NAME = "$(TARGET_NAME)";
				SWIFT_VERSION = 5.0;
				TARGETED_DEVICE_FAMILY = 1;
			};
			name = Debug;
		};
		FDF10C1724ADB43B0048A30B /* Release */ = {
			isa = XCBuildConfiguration;
			baseConfigurationReference = 40CBBCE2B7B1692F46FA655D /* Pods-TheMovies.release.xcconfig */;
			buildSettings = {
				ASSETCATALOG_COMPILER_APPICON_NAME = AppIcon;
				CODE_SIGN_STYLE = Automatic;
				CURRENT_PROJECT_VERSION = 1;
				DEVELOPMENT_TEAM = 9586AWQHTX;
				INFOPLIST_FILE = TheMovies/Info.plist;
				IPHONEOS_DEPLOYMENT_TARGET = 11.0;
				LD_RUNPATH_SEARCH_PATHS = (
					"$(inherited)",
					"@executable_path/Frameworks",
				);
				MARKETING_VERSION = 1.0.0;
				PRODUCT_BUNDLE_IDENTIFIER = com.febriadrian.TheMovies;
				PRODUCT_NAME = "$(TARGET_NAME)";
				SWIFT_VERSION = 5.0;
				TARGETED_DEVICE_FAMILY = 1;
			};
			name = Release;
		};
/* End XCBuildConfiguration section */

/* Begin XCConfigurationList section */
		FDF10BFC24ADB4360048A30B /* Build configuration list for PBXProject "TheMovies" */ = {
			isa = XCConfigurationList;
			buildConfigurations = (
				FDF10C1324ADB43B0048A30B /* Debug */,
				FDF10C1424ADB43B0048A30B /* Release */,
			);
			defaultConfigurationIsVisible = 0;
			defaultConfigurationName = Release;
		};
		FDF10C1524ADB43B0048A30B /* Build configuration list for PBXNativeTarget "TheMovies" */ = {
			isa = XCConfigurationList;
			buildConfigurations = (
				FDF10C1624ADB43B0048A30B /* Debug */,
				FDF10C1724ADB43B0048A30B /* Release */,
			);
			defaultConfigurationIsVisible = 0;
			defaultConfigurationName = Release;
		};
/* End XCConfigurationList section */
	};
	rootObject = FDF10BF924ADB4360048A30B /* Project object */;
}
